# This file was autogenerated by Stack.
# You should not edit this file by hand.
# For more information, please see the documentation at:
#   https://docs.haskellstack.org/en/stable/lock_files

packages:
- completed:
    subdir: gloss
    cabal-file:
      size: 4065
      sha256: 49d2d0c7c4a0a5b55a344a257b225b6b3fdd811eaa9c960387a353e094496333
    name: gloss
    version: 1.13.1.1
    git: https://github.com/benl23x5/gloss
    pantry-tree:
      size: 3919
      sha256: 443fffa25f5eccc859d8cc5d5b6500e2460a75f5dfbb79bcb255f5e24d48cf06
    commit: f60e7ba79d86aecb36588e76139a0883e925c617
  original:
    subdir: gloss
    git: https://github.com/benl23x5/gloss
    commit: f60e7ba79d86aecb36588e76139a0883e925c617
snapshots:
- completed:
    size: 491389
    url: https://raw.githubusercontent.com/commercialhaskell/stackage-snapshots/master/lts/15/7.yaml
    sha256: 92ab6303fe20ec928461c82ce0980b4d17c06f4e66205a2967e476474f686c17
  original: lts-15.7
